PODS:
  - CocoaLumberjack (1.9.2):
    - CocoaLumberjack/Extensions (= 1.9.2)
  - CocoaLumberjack/Core (1.9.2)
  - CocoaLumberjack/Extensions (1.9.2):
    - CocoaLumberjack/Core
  - Nimble (4.1.0)
  - PhilipsHueSDK-iOS (1.11.2):
    - CocoaLumberjack (~> 1.8)
  - Quick (0.9.3)
  - RxBlocking (3.0.0-beta.1):
    - RxSwift (~> 3.0.0-beta.1)
  - RxCocoa (3.0.0-beta.1):
    - RxSwift (~> 3.0.0-beta.1)
  - RxDataSources (1.0.0-beta.2):
    - RxCocoa (~> 3.0.0-beta.1)
    - RxSwift (~> 3.0.0-beta.1)
  - RxSwift (3.0.0-beta.1)
  - RxTests (3.0.0-beta.1):
    - RxSwift (~> 3.0.0-beta.1)
  - SVProgressHUD (2.0.3)

DEPENDENCIES:
  - Nimble
  - PhilipsHueSDK-iOS
  - Quick
  - RxBlocking (~> 3.0.0-beta.1)
  - RxCocoa (~> 3.0.0-beta.1)
  - RxDataSources (~> 1.0.0-beta.2)
  - RxSwift (~> 3.0.0-beta.1)
  - RxTests (~> 3.0.0-beta.1)
  - SVProgressHUD

SPEC CHECKSUMS:
  CocoaLumberjack: 628fca2e88ef06f7cf6817309aa405f325d9a6fa
  Nimble: 97a0a4cae5124c117115634b2d055d8c97d0af19
  PhilipsHueSDK-iOS: dc7a46c819347b6895923960df1c9a6b4aa25cd6
  Quick: 13a2a2b19a5d8e3ed4fd0c36ee46597fd77ebf71
  RxBlocking: 422944880fe63b432c459dc87be7c8178dcf45f3
  RxCocoa: 8cecf331302b8ae5381bbab1bccba4ede2eae6a8
  RxDataSources: 1cd87dc97fd46be002942eb1dcb1b432535141dd
  RxSwift: 0823e8d7969c23bfa9ddfb2afa4881e424a1a710
  RxTests: 819cbca750007349f03cfdb89bc07d412f67ab96
  SVProgressHUD: b0830714205bea1317ea1a2ebc71e5633af334d4

PODFILE CHECKSUM: 7fe5e641ab115eeda7ac8d2df8a59df9fdd2de1f

COCOAPODS: 1.0.1
