// !$*UTF8*$!
{
	archiveVersion = 1;
	classes = {
	};
	objectVersion = 47;
	objects = {

/* Begin PBXBuildFile section */
		19051FF11D91D96F008FA8AA /* BridgeTableViewCell.swift in Sources */ = {isa = PBXBuildFile; fileRef = 19051FF01D91D96F008FA8AA /* BridgeTableViewCell.swift */; };
		19051FF21D91D96F008FA8AA /* BridgeTableViewCell.swift in Sources */ = {isa = PBXBuildFile; fileRef = 19051FF01D91D96F008FA8AA /* BridgeTableViewCell.swift */; };
		190E5ADF1C9EC03C009FBD95 /* ActivityIndicator.swift in Sources */ = {isa = PBXBuildFile; fileRef = 190E5ADE1C9EC03C009FBD95 /* ActivityIndicator.swift */; };
		190E5AE41C9ED7BD009FBD95 /* BridgeInfo.swift in Sources */ = {isa = PBXBuildFile; fileRef = 190E5AE31C9ED7BD009FBD95 /* BridgeInfo.swift */; };
		190E5AE81C9EF072009FBD95 /* PHBridgeSearchingProtocol.swift in Sources */ = {isa = PBXBuildFile; fileRef = 190E5AE71C9EF072009FBD95 /* PHBridgeSearchingProtocol.swift */; };
		190E5AEC1C9EF1A8009FBD95 /* PHHueSDKProtocol.swift in Sources */ = {isa = PBXBuildFile; fileRef = 190E5AEB1C9EF1A8009FBD95 /* PHHueSDKProtocol.swift */; };
		190E5AEF1C9EF317009FBD95 /* PHHueSDK+Rx.swift in Sources */ = {isa = PBXBuildFile; fileRef = 190E5AEE1C9EF317009FBD95 /* PHHueSDK+Rx.swift */; };
		190E5AF41C9F32D0009FBD95 /* BridgeInfoTests.swift in Sources */ = {isa = PBXBuildFile; fileRef = 190E5AF31C9F32D0009FBD95 /* BridgeInfoTests.swift */; };
		191C071E1C7E108200AE69D3 /* BridgePushLinkViewController.swift in Sources */ = {isa = PBXBuildFile; fileRef = 191C071D1C7E108200AE69D3 /* BridgePushLinkViewController.swift */; };
		191C07211C7F770900AE69D3 /* BridgePushLinkViewModel.swift in Sources */ = {isa = PBXBuildFile; fileRef = 191C07201C7F770900AE69D3 /* BridgePushLinkViewModel.swift */; };
		191C07261C81B68900AE69D3 /* AppViewModel.swift in Sources */ = {isa = PBXBuildFile; fileRef = 191C07251C81B68900AE69D3 /* AppViewModel.swift */; };
		1920B3CF1CA829F400CBF97B /* TestHelpers.swift in Sources */ = {isa = PBXBuildFile; fileRef = 1920B3CE1CA829F400CBF97B /* TestHelpers.swift */; };
		1943903D1C9D7F600029DD0C /* BridgeSelectionViewController.swift in Sources */ = {isa = PBXBuildFile; fileRef = 1943903C1C9D7F600029DD0C /* BridgeSelectionViewController.swift */; };
		194390411C9D7F790029DD0C /* BridgeSelectionViewModel.swift in Sources */ = {isa = PBXBuildFile; fileRef = 194390401C9D7F790029DD0C /* BridgeSelectionViewModel.swift */; };
		194390531C9E0E260029DD0C /* PHBridgeSearching+Rx.swift in Sources */ = {isa = PBXBuildFile; fileRef = 194390521C9E0E260029DD0C /* PHBridgeSearching+Rx.swift */; };
		196674221D8F36D000653094 /* SVProgressHUD+Rx.swift in Sources */ = {isa = PBXBuildFile; fileRef = 196674211D8F36D000653094 /* SVProgressHUD+Rx.swift */; };
		196674231D8F36D000653094 /* SVProgressHUD+Rx.swift in Sources */ = {isa = PBXBuildFile; fileRef = 196674211D8F36D000653094 /* SVProgressHUD+Rx.swift */; };
		1976B4E31CA2D35000D510EC /* UIStoryboard+Extensions.swift in Sources */ = {isa = PBXBuildFile; fileRef = 1976B4E21CA2D35000D510EC /* UIStoryboard+Extensions.swift */; };
		1976B4E71CA2D94400D510EC /* StoryboardIdentifiers.swift in Sources */ = {isa = PBXBuildFile; fileRef = 1976B4E61CA2D94400D510EC /* StoryboardIdentifiers.swift */; };
		1976B4EA1CA48A3E00D510EC /* AppViewController.swift in Sources */ = {isa = PBXBuildFile; fileRef = 1976B4E91CA48A3E00D510EC /* AppViewController.swift */; };
		1976B4EC1CA495F100D510EC /* ViewModel.swift in Sources */ = {isa = PBXBuildFile; fileRef = 1976B4EB1CA495F100D510EC /* ViewModel.swift */; };
		1976B4EE1CA4A1D000D510EC /* SVProgressHUD+EasyHue.swift in Sources */ = {isa = PBXBuildFile; fileRef = 1976B4ED1CA4A1D000D510EC /* SVProgressHUD+EasyHue.swift */; };
		1976B4F01CA4A8D400D510EC /* UIStoryboardSegue+Extensions.swift in Sources */ = {isa = PBXBuildFile; fileRef = 1976B4EF1CA4A8D400D510EC /* UIStoryboardSegue+Extensions.swift */; };
		1976B4F21CA4A93000D510EC /* UIViewController+Extensions.swift in Sources */ = {isa = PBXBuildFile; fileRef = 1976B4F11CA4A93000D510EC /* UIViewController+Extensions.swift */; };
		19BC78341C7C696000783244 /* AppDelegate.swift in Sources */ = {isa = PBXBuildFile; fileRef = 19BC78331C7C696000783244 /* AppDelegate.swift */; };
		19BC783B1C7C696000783244 /* Main.storyboard in Resources */ = {isa = PBXBuildFile; fileRef = 19BC78391C7C696000783244 /* Main.storyboard */; };
		19BC783D1C7C696000783244 /* Assets.xcassets in Resources */ = {isa = PBXBuildFile; fileRef = 19BC783C1C7C696000783244 /* Assets.xcassets */; };
		19BC78401C7C696000783244 /* LaunchScreen.storyboard in Resources */ = {isa = PBXBuildFile; fileRef = 19BC783E1C7C696000783244 /* LaunchScreen.storyboard */; };
		19BC784B1C7C696000783244 /* BridgeSelectionViewModelTests.swift in Sources */ = {isa = PBXBuildFile; fileRef = 19BC784A1C7C696000783244 /* BridgeSelectionViewModelTests.swift */; };
		E336B8C8C3AD87CE089C71D3 /* Pods_EasyHueTests.framework in Frameworks */ = {isa = PBXBuildFile; fileRef = A91490AA5BD0BF2A168BB013 /* Pods_EasyHueTests.framework */; };
		F699EFEF8B0E091343B7C3A2 /* Pods_EasyHue.framework in Frameworks */ = {isa = PBXBuildFile; fileRef = 62CE1A2E7257502655E7FB96 /* Pods_EasyHue.framework */; };
/* End PBXBuildFile section */

/* Begin PBXContainerItemProxy section */
		19BC78471C7C696000783244 /* PBXContainerItemProxy */ = {
			isa = PBXContainerItemProxy;
			containerPortal = 19BC78281C7C696000783244 /* Project object */;
			proxyType = 1;
			remoteGlobalIDString = 19BC782F1C7C696000783244;
			remoteInfo = EasyHue;
		};
/* End PBXContainerItemProxy section */

/* Begin PBXFileReference section */
		0C382A52744C5DE71ED3A101 /* Pods-EasyHueTests.debug.xcconfig */ = {isa = PBXFileReference; includeInIndex = 1; lastKnownFileType = text.xcconfig; name = "Pods-EasyHueTests.debug.xcconfig"; path = "Pods/Target Support Files/Pods-EasyHueTests/Pods-EasyHueTests.debug.xcconfig"; sourceTree = "<group>"; };
		19051FF01D91D96F008FA8AA /* BridgeTableViewCell.swift */ = {isa = PBXFileReference; fileEncoding = 4; lastKnownFileType = sourcecode.swift; path = BridgeTableViewCell.swift; sourceTree = "<group>"; };
		190E5ADE1C9EC03C009FBD95 /* ActivityIndicator.swift */ = {isa = PBXFileReference; fileEncoding = 4; lastKnownFileType = sourcecode.swift; path = ActivityIndicator.swift; sourceTree = "<group>"; };
		190E5AE31C9ED7BD009FBD95 /* BridgeInfo.swift */ = {isa = PBXFileReference; fileEncoding = 4; lastKnownFileType = sourcecode.swift; path = BridgeInfo.swift; sourceTree = "<group>"; };
		190E5AE71C9EF072009FBD95 /* PHBridgeSearchingProtocol.swift */ = {isa = PBXFileReference; fileEncoding = 4; lastKnownFileType = sourcecode.swift; path = PHBridgeSearchingProtocol.swift; sourceTree = "<group>"; };
		190E5AEB1C9EF1A8009FBD95 /* PHHueSDKProtocol.swift */ = {isa = PBXFileReference; fileEncoding = 4; lastKnownFileType = sourcecode.swift; path = PHHueSDKProtocol.swift; sourceTree = "<group>"; };
		190E5AEE1C9EF317009FBD95 /* PHHueSDK+Rx.swift */ = {isa = PBXFileReference; fileEncoding = 4; lastKnownFileType = sourcecode.swift; path = "PHHueSDK+Rx.swift"; sourceTree = "<group>"; };
		190E5AF31C9F32D0009FBD95 /* BridgeInfoTests.swift */ = {isa = PBXFileReference; fileEncoding = 4; lastKnownFileType = sourcecode.swift; path = BridgeInfoTests.swift; sourceTree = "<group>"; };
		191C07131C7CB04C00AE69D3 /* EasyHue-Bridging-Header.h */ = {isa = PBXFileReference; lastKnownFileType = sourcecode.c.h; path = "EasyHue-Bridging-Header.h"; sourceTree = "<group>"; };
		191C07141C7CB04C00AE69D3 /* EasyHueTests-Bridging-Header.h */ = {isa = PBXFileReference; lastKnownFileType = sourcecode.c.h; name = "EasyHueTests-Bridging-Header.h"; path = "../EasyHue/EasyHueTests-Bridging-Header.h"; sourceTree = "<group>"; };
		191C071B1C7CE68900AE69D3 /* HueSDKClient_not_in_use.swift */ = {isa = PBXFileReference; fileEncoding = 4; lastKnownFileType = sourcecode.swift; path = HueSDKClient_not_in_use.swift; sourceTree = "<group>"; };
		191C071D1C7E108200AE69D3 /* BridgePushLinkViewController.swift */ = {isa = PBXFileReference; fileEncoding = 4; lastKnownFileType = sourcecode.swift; path = BridgePushLinkViewController.swift; sourceTree = "<group>"; };
		191C07201C7F770900AE69D3 /* BridgePushLinkViewModel.swift */ = {isa = PBXFileReference; fileEncoding = 4; lastKnownFileType = sourcecode.swift; path = BridgePushLinkViewModel.swift; sourceTree = "<group>"; };
		191C07251C81B68900AE69D3 /* AppViewModel.swift */ = {isa = PBXFileReference; fileEncoding = 4; lastKnownFileType = sourcecode.swift; path = AppViewModel.swift; sourceTree = "<group>"; };
		1920B3CC1CA74DF300CBF97B /* BridgeSelectionViewModelSpecs.swift */ = {isa = PBXFileReference; fileEncoding = 4; lastKnownFileType = sourcecode.swift; path = BridgeSelectionViewModelSpecs.swift; sourceTree = "<group>"; };
		1920B3CE1CA829F400CBF97B /* TestHelpers.swift */ = {isa = PBXFileReference; fileEncoding = 4; lastKnownFileType = sourcecode.swift; path = TestHelpers.swift; sourceTree = "<group>"; };
		1943903C1C9D7F600029DD0C /* BridgeSelectionViewController.swift */ = {isa = PBXFileReference; fileEncoding = 4; lastKnownFileType = sourcecode.swift; path = BridgeSelectionViewController.swift; sourceTree = "<group>"; };
		194390401C9D7F790029DD0C /* BridgeSelectionViewModel.swift */ = {isa = PBXFileReference; fileEncoding = 4; lastKnownFileType = sourcecode.swift; path = BridgeSelectionViewModel.swift; sourceTree = "<group>"; };
		194390521C9E0E260029DD0C /* PHBridgeSearching+Rx.swift */ = {isa = PBXFileReference; fileEncoding = 4; lastKnownFileType = sourcecode.swift; path = "PHBridgeSearching+Rx.swift"; sourceTree = "<group>"; };
		196674211D8F36D000653094 /* SVProgressHUD+Rx.swift */ = {isa = PBXFileReference; fileEncoding = 4; lastKnownFileType = sourcecode.swift; path = "SVProgressHUD+Rx.swift"; sourceTree = "<group>"; };
		1976B4E21CA2D35000D510EC /* UIStoryboard+Extensions.swift */ = {isa = PBXFileReference; fileEncoding = 4; lastKnownFileType = sourcecode.swift; path = "UIStoryboard+Extensions.swift"; sourceTree = "<group>"; };
		1976B4E61CA2D94400D510EC /* StoryboardIdentifiers.swift */ = {isa = PBXFileReference; fileEncoding = 4; lastKnownFileType = sourcecode.swift; path = StoryboardIdentifiers.swift; sourceTree = "<group>"; };
		1976B4E91CA48A3E00D510EC /* AppViewController.swift */ = {isa = PBXFileReference; fileEncoding = 4; lastKnownFileType = sourcecode.swift; path = AppViewController.swift; sourceTree = "<group>"; };
		1976B4EB1CA495F100D510EC /* ViewModel.swift */ = {isa = PBXFileReference; fileEncoding = 4; lastKnownFileType = sourcecode.swift; path = ViewModel.swift; sourceTree = "<group>"; };
		1976B4ED1CA4A1D000D510EC /* SVProgressHUD+EasyHue.swift */ = {isa = PBXFileReference; fileEncoding = 4; lastKnownFileType = sourcecode.swift; path = "SVProgressHUD+EasyHue.swift"; sourceTree = "<group>"; };
		1976B4EF1CA4A8D400D510EC /* UIStoryboardSegue+Extensions.swift */ = {isa = PBXFileReference; fileEncoding = 4; lastKnownFileType = sourcecode.swift; path = "UIStoryboardSegue+Extensions.swift"; sourceTree = "<group>"; };
		1976B4F11CA4A93000D510EC /* UIViewController+Extensions.swift */ = {isa = PBXFileReference; fileEncoding = 4; lastKnownFileType = sourcecode.swift; path = "UIViewController+Extensions.swift"; sourceTree = "<group>"; };
		19BC78301C7C696000783244 /* EasyHue.app */ = {isa = PBXFileReference; explicitFileType = wrapper.application; includeInIndex = 0; path = EasyHue.app; sourceTree = BUILT_PRODUCTS_DIR; };
		19BC78331C7C696000783244 /* AppDelegate.swift */ = {isa = PBXFileReference; lastKnownFileType = sourcecode.swift; path = AppDelegate.swift; sourceTree = "<group>"; };
		19BC783A1C7C696000783244 /* Base */ = {isa = PBXFileReference; lastKnownFileType = file.storyboard; name = Base; path = Base.lproj/Main.storyboard; sourceTree = "<group>"; };
		19BC783C1C7C696000783244 /* Assets.xcassets */ = {isa = PBXFileReference; lastKnownFileType = folder.assetcatalog; path = Assets.xcassets; sourceTree = "<group>"; };
		19BC783F1C7C696000783244 /* Base */ = {isa = PBXFileReference; lastKnownFileType = file.storyboard; name = Base; path = Base.lproj/LaunchScreen.storyboard; sourceTree = "<group>"; };
		19BC78411C7C696000783244 /* Info.plist */ = {isa = PBXFileReference; lastKnownFileType = text.plist.xml; path = Info.plist; sourceTree = "<group>"; };
		19BC78461C7C696000783244 /* EasyHueTests.xctest */ = {isa = PBXFileReference; explicitFileType = wrapper.cfbundle; includeInIndex = 0; path = EasyHueTests.xctest; sourceTree = BUILT_PRODUCTS_DIR; };
		19BC784A1C7C696000783244 /* BridgeSelectionViewModelTests.swift */ = {isa = PBXFileReference; lastKnownFileType = sourcecode.swift; path = BridgeSelectionViewModelTests.swift; sourceTree = "<group>"; };
		19BC784C1C7C696000783244 /* Info.plist */ = {isa = PBXFileReference; lastKnownFileType = text.plist.xml; path = Info.plist; sourceTree = "<group>"; };
		62CE1A2E7257502655E7FB96 /* Pods_EasyHue.framework */ = {isa = PBXFileReference; explicitFileType = wrapper.framework; includeInIndex = 0; path = Pods_EasyHue.framework; sourceTree = BUILT_PRODUCTS_DIR; };
		6F3D573D0045088F16AD5A2B /* Pods-EasyHue.release.xcconfig */ = {isa = PBXFileReference; includeInIndex = 1; lastKnownFileType = text.xcconfig; name = "Pods-EasyHue.release.xcconfig"; path = "Pods/Target Support Files/Pods-EasyHue/Pods-EasyHue.release.xcconfig"; sourceTree = "<group>"; };
		A91490AA5BD0BF2A168BB013 /* Pods_EasyHueTests.framework */ = {isa = PBXFileReference; explicitFileType = wrapper.framework; includeInIndex = 0; path = Pods_EasyHueTests.framework; sourceTree = BUILT_PRODUCTS_DIR; };
		AD24C227FE1D91D82F0A60D3 /* Pods.framework */ = {isa = PBXFileReference; explicitFileType = wrapper.framework; includeInIndex = 0; path = Pods.framework; sourceTree = BUILT_PRODUCTS_DIR; };
		BA53F1946EC5499EEE49F00C /* Pods-EasyHue.debug.xcconfig */ = {isa = PBXFileReference; includeInIndex = 1; lastKnownFileType = text.xcconfig; name = "Pods-EasyHue.debug.xcconfig"; path = "Pods/Target Support Files/Pods-EasyHue/Pods-EasyHue.debug.xcconfig"; sourceTree = "<group>"; };
		F2ABEAA71A1FAB0DC6B5DFFE /* Pods-EasyHueTests.release.xcconfig */ = {isa = PBXFileReference; includeInIndex = 1; lastKnownFileType = text.xcconfig; name = "Pods-EasyHueTests.release.xcconfig"; path = "Pods/Target Support Files/Pods-EasyHueTests/Pods-EasyHueTests.release.xcconfig"; sourceTree = "<group>"; };
/* End PBXFileReference section */

/* Begin PBXFrameworksBuildPhase section */
		19BC782D1C7C696000783244 /* Frameworks */ = {
			isa = PBXFrameworksBuildPhase;
			buildActionMask = 2147483647;
			files = (
				F699EFEF8B0E091343B7C3A2 /* Pods_EasyHue.framework in Frameworks */,
			);
			runOnlyForDeploymentPostprocessing = 0;
		};
		19BC78431C7C696000783244 /* Frameworks */ = {
			isa = PBXFrameworksBuildPhase;
			buildActionMask = 2147483647;
			files = (
				E336B8C8C3AD87CE089C71D3 /* Pods_EasyHueTests.framework in Frameworks */,
			);
			runOnlyForDeploymentPostprocessing = 0;
		};
/* End PBXFrameworksBuildPhase section */

/* Begin PBXGroup section */
		190E5AEA1C9EF079009FBD95 /* Protocols */ = {
			isa = PBXGroup;
			children = (
				190E5AE71C9EF072009FBD95 /* PHBridgeSearchingProtocol.swift */,
				190E5AEB1C9EF1A8009FBD95 /* PHHueSDKProtocol.swift */,
			);
			name = Protocols;
			sourceTree = "<group>";
		};
		190E5AF11C9F127E009FBD95 /* Resources */ = {
			isa = PBXGroup;
			children = (
				191C07141C7CB04C00AE69D3 /* EasyHueTests-Bridging-Header.h */,
				19BC784C1C7C696000783244 /* Info.plist */,
			);
			name = Resources;
			sourceTree = "<group>";
		};
		191C071F1C7F768F00AE69D3 /* BridgePushLink */ = {
			isa = PBXGroup;
			children = (
				191C071D1C7E108200AE69D3 /* BridgePushLinkViewController.swift */,
				191C07201C7F770900AE69D3 /* BridgePushLinkViewModel.swift */,
			);
			name = BridgePushLink;
			sourceTree = "<group>";
		};
		191C07231C803FE300AE69D3 /* Resources */ = {
			isa = PBXGroup;
			children = (
				19BC78411C7C696000783244 /* Info.plist */,
				191C07131C7CB04C00AE69D3 /* EasyHue-Bridging-Header.h */,
				19BC783C1C7C696000783244 /* Assets.xcassets */,
			);
			name = Resources;
			sourceTree = "<group>";
		};
		191C07241C80417E00AE69D3 /* Services */ = {
			isa = PBXGroup;
			children = (
				191C071B1C7CE68900AE69D3 /* HueSDKClient_not_in_use.swift */,
				190E5ADE1C9EC03C009FBD95 /* ActivityIndicator.swift */,
				1976B4EB1CA495F100D510EC /* ViewModel.swift */,
			);
			name = Services;
			sourceTree = "<group>";
		};
		1943903B1C9D7F070029DD0C /* Bridge Selection */ = {
			isa = PBXGroup;
			children = (
				19051FF01D91D96F008FA8AA /* BridgeTableViewCell.swift */,
				1943903C1C9D7F600029DD0C /* BridgeSelectionViewController.swift */,
				194390401C9D7F790029DD0C /* BridgeSelectionViewModel.swift */,
			);
			name = "Bridge Selection";
			sourceTree = "<group>";
		};
		1943904D1C9DF88F0029DD0C /* Extensions */ = {
			isa = PBXGroup;
			children = (
				194390521C9E0E260029DD0C /* PHBridgeSearching+Rx.swift */,
				190E5AEE1C9EF317009FBD95 /* PHHueSDK+Rx.swift */,
				1976B4ED1CA4A1D000D510EC /* SVProgressHUD+EasyHue.swift */,
				196674211D8F36D000653094 /* SVProgressHUD+Rx.swift */,
				1976B4EF1CA4A8D400D510EC /* UIStoryboardSegue+Extensions.swift */,
				1976B4F11CA4A93000D510EC /* UIViewController+Extensions.swift */,
			);
			name = Extensions;
			sourceTree = "<group>";
		};
		1968B2111CA5D2820083B3B6 /* Models */ = {
			isa = PBXGroup;
			children = (
				190E5AE31C9ED7BD009FBD95 /* BridgeInfo.swift */,
			);
			name = Models;
			sourceTree = "<group>";
		};
		1976B4E11CA2D1E500D510EC /* Storryboards */ = {
			isa = PBXGroup;
			children = (
				19BC783E1C7C696000783244 /* LaunchScreen.storyboard */,
				19BC78391C7C696000783244 /* Main.storyboard */,
				1976B4E21CA2D35000D510EC /* UIStoryboard+Extensions.swift */,
				1976B4E61CA2D94400D510EC /* StoryboardIdentifiers.swift */,
			);
			name = Storryboards;
			sourceTree = "<group>";
		};
		1976B4E81CA48A2900D510EC /* App */ = {
			isa = PBXGroup;
			children = (
				19BC78331C7C696000783244 /* AppDelegate.swift */,
				1976B4E91CA48A3E00D510EC /* AppViewController.swift */,
				191C07251C81B68900AE69D3 /* AppViewModel.swift */,
			);
			name = App;
			sourceTree = "<group>";
		};
		19BC78271C7C696000783244 = {
			isa = PBXGroup;
			children = (
				19BC78321C7C696000783244 /* EasyHue */,
				19BC78491C7C696000783244 /* EasyHueTests */,
				19BC78311C7C696000783244 /* Products */,
				81BEFA188EE36123C72A01BD /* Frameworks */,
				A82A63B2E8A77A0F53D0106C /* Pods */,
			);
			sourceTree = "<group>";
		};
		19BC78311C7C696000783244 /* Products */ = {
			isa = PBXGroup;
			children = (
				19BC78301C7C696000783244 /* EasyHue.app */,
				19BC78461C7C696000783244 /* EasyHueTests.xctest */,
			);
			name = Products;
			sourceTree = "<group>";
		};
		19BC78321C7C696000783244 /* EasyHue */ = {
			isa = PBXGroup;
			children = (
				1968B2111CA5D2820083B3B6 /* Models */,
				1976B4E81CA48A2900D510EC /* App */,
				1943903B1C9D7F070029DD0C /* Bridge Selection */,
				191C071F1C7F768F00AE69D3 /* BridgePushLink */,
				190E5AEA1C9EF079009FBD95 /* Protocols */,
				1943904D1C9DF88F0029DD0C /* Extensions */,
				191C07241C80417E00AE69D3 /* Services */,
				1976B4E11CA2D1E500D510EC /* Storryboards */,
				191C07231C803FE300AE69D3 /* Resources */,
			);
			path = EasyHue;
			sourceTree = "<group>";
		};
		19BC78491C7C696000783244 /* EasyHueTests */ = {
			isa = PBXGroup;
			children = (
				1920B3CE1CA829F400CBF97B /* TestHelpers.swift */,
				190E5AF31C9F32D0009FBD95 /* BridgeInfoTests.swift */,
				19BC784A1C7C696000783244 /* BridgeSelectionViewModelTests.swift */,
				190E5AF11C9F127E009FBD95 /* Resources */,
				1920B3CC1CA74DF300CBF97B /* BridgeSelectionViewModelSpecs.swift */,
			);
			path = EasyHueTests;
			sourceTree = "<group>";
		};
		81BEFA188EE36123C72A01BD /* Frameworks */ = {
			isa = PBXGroup;
			children = (
				AD24C227FE1D91D82F0A60D3 /* Pods.framework */,
				62CE1A2E7257502655E7FB96 /* Pods_EasyHue.framework */,
				A91490AA5BD0BF2A168BB013 /* Pods_EasyHueTests.framework */,
			);
			name = Frameworks;
			sourceTree = "<group>";
		};
		A82A63B2E8A77A0F53D0106C /* Pods */ = {
			isa = PBXGroup;
			children = (
				BA53F1946EC5499EEE49F00C /* Pods-EasyHue.debug.xcconfig */,
				6F3D573D0045088F16AD5A2B /* Pods-EasyHue.release.xcconfig */,
				0C382A52744C5DE71ED3A101 /* Pods-EasyHueTests.debug.xcconfig */,
				F2ABEAA71A1FAB0DC6B5DFFE /* Pods-EasyHueTests.release.xcconfig */,
			);
			name = Pods;
			sourceTree = "<group>";
		};
/* End PBXGroup section */

/* Begin PBXNativeTarget section */
		19BC782F1C7C696000783244 /* EasyHue */ = {
			isa = PBXNativeTarget;
			buildConfigurationList = 19BC785A1C7C696000783244 /* Build configuration list for PBXNativeTarget "EasyHue" */;
			buildPhases = (
				24B8619D61DDB9E92F771D6E /* [CP] Check Pods Manifest.lock */,
				19BC782C1C7C696000783244 /* Sources */,
				19BC782D1C7C696000783244 /* Frameworks */,
				19BC782E1C7C696000783244 /* Resources */,
				8EB554646A015894B5BFF555 /* [CP] Embed Pods Frameworks */,
				7144B3A81BFE07B7943EFCCB /* [CP] Copy Pods Resources */,
			);
			buildRules = (
			);
			dependencies = (
			);
			name = EasyHue;
			productName = EasyHue;
			productReference = 19BC78301C7C696000783244 /* EasyHue.app */;
			productType = "com.apple.product-type.application";
		};
		19BC78451C7C696000783244 /* EasyHueTests */ = {
			isa = PBXNativeTarget;
			buildConfigurationList = 19BC785D1C7C696000783244 /* Build configuration list for PBXNativeTarget "EasyHueTests" */;
			buildPhases = (
				209511651600A440F8EC7420 /* [CP] Check Pods Manifest.lock */,
				19BC78421C7C696000783244 /* Sources */,
				19BC78431C7C696000783244 /* Frameworks */,
				19BC78441C7C696000783244 /* Resources */,
				378E75E0F793D4A044E8B0CC /* [CP] Embed Pods Frameworks */,
				058B157FA39EAE2C14FED89E /* [CP] Copy Pods Resources */,
			);
			buildRules = (
			);
			dependencies = (
				19BC78481C7C696000783244 /* PBXTargetDependency */,
			);
			name = EasyHueTests;
			productName = EasyHueTests;
			productReference = 19BC78461C7C696000783244 /* EasyHueTests.xctest */;
			productType = "com.apple.product-type.bundle.unit-test";
		};
/* End PBXNativeTarget section */

/* Begin PBXProject section */
		19BC78281C7C696000783244 /* Project object */ = {
			isa = PBXProject;
			attributes = {
				CLASSPREFIX = "";
				LastSwiftUpdateCheck = 0720;
				LastUpgradeCheck = 0800;
				ORGANIZATIONNAME = "Jochen Pfeiffer";
				TargetAttributes = {
					19BC782F1C7C696000783244 = {
						CreatedOnToolsVersion = 7.2.1;
						DevelopmentTeam = 2TV9GXC7CB;
						LastSwiftMigration = 0800;
					};
					19BC78451C7C696000783244 = {
						CreatedOnToolsVersion = 7.2.1;
						LastSwiftMigration = 0800;
						TestTargetID = 19BC782F1C7C696000783244;
					};
				};
			};
			buildConfigurationList = 19BC782B1C7C696000783244 /* Build configuration list for PBXProject "EasyHue" */;
			compatibilityVersion = "Xcode 6.3";
			developmentRegion = English;
			hasScannedForEncodings = 0;
			knownRegions = (
				en,
				Base,
			);
			mainGroup = 19BC78271C7C696000783244;
			productRefGroup = 19BC78311C7C696000783244 /* Products */;
			projectDirPath = "";
			projectRoot = "";
			targets = (
				19BC782F1C7C696000783244 /* EasyHue */,
				19BC78451C7C696000783244 /* EasyHueTests */,
			);
		};
/* End PBXProject section */

/* Begin PBXResourcesBuildPhase section */
		19BC782E1C7C696000783244 /* Resources */ = {
			isa = PBXResourcesBuildPhase;
			buildActionMask = 2147483647;
			files = (
				19BC78401C7C696000783244 /* LaunchScreen.storyboard in Resources */,
				19BC783D1C7C696000783244 /* Assets.xcassets in Resources */,
				19BC783B1C7C696000783244 /* Main.storyboard in Resources */,
			);
			runOnlyForDeploymentPostprocessing = 0;
		};
		19BC78441C7C696000783244 /* Resources */ = {
			isa = PBXResourcesBuildPhase;
			buildActionMask = 2147483647;
			files = (
			);
			runOnlyForDeploymentPostprocessing = 0;
		};
/* End PBXResourcesBuildPhase section */

/* Begin PBXShellScriptBuildPhase section */
		058B157FA39EAE2C14FED89E /* [CP] Copy Pods Resources */ = {
			isa = PBXShellScriptBuildPhase;
			buildActionMask = 2147483647;
			files = (
			);
			inputPaths = (
			);
			name = "[CP] Copy Pods Resources";
			outputPaths = (
			);
			runOnlyForDeploymentPostprocessing = 0;
			shellPath = /bin/sh;
			shellScript = "\"${SRCROOT}/Pods/Target Support Files/Pods-EasyHueTests/Pods-EasyHueTests-resources.sh\"\n";
			showEnvVarsInLog = 0;
		};
		209511651600A440F8EC7420 /* [CP] Check Pods Manifest.lock */ = {
			isa = PBXShellScriptBuildPhase;
			buildActionMask = 2147483647;
			files = (
			);
			inputPaths = (
			);
			name = "[CP] Check Pods Manifest.lock";
			outputPaths = (
			);
			runOnlyForDeploymentPostprocessing = 0;
			shellPath = /bin/sh;
			shellScript = "diff \"${PODS_ROOT}/../Podfile.lock\" \"${PODS_ROOT}/Manifest.lock\" > /dev/null\nif [ $? != 0 ] ; then\n    # print error to STDERR\n    echo \"error: The sandbox is not in sync with the Podfile.lock. Run 'pod install' or update your CocoaPods installation.\" >&2\n    exit 1\nfi\n";
			showEnvVarsInLog = 0;
		};
		24B8619D61DDB9E92F771D6E /* [CP] Check Pods Manifest.lock */ = {
			isa = PBXShellScriptBuildPhase;
			buildActionMask = 2147483647;
			files = (
			);
			inputPaths = (
			);
			name = "[CP] Check Pods Manifest.lock";
			outputPaths = (
			);
			runOnlyForDeploymentPostprocessing = 0;
			shellPath = /bin/sh;
			shellScript = "diff \"${PODS_ROOT}/../Podfile.lock\" \"${PODS_ROOT}/Manifest.lock\" > /dev/null\nif [ $? != 0 ] ; then\n    # print error to STDERR\n    echo \"error: The sandbox is not in sync with the Podfile.lock. Run 'pod install' or update your CocoaPods installation.\" >&2\n    exit 1\nfi\n";
			showEnvVarsInLog = 0;
		};
		378E75E0F793D4A044E8B0CC /* [CP] Embed Pods Frameworks */ = {
			isa = PBXShellScriptBuildPhase;
			buildActionMask = 2147483647;
			files = (
			);
			inputPaths = (
			);
			name = "[CP] Embed Pods Frameworks";
			outputPaths = (
			);
			runOnlyForDeploymentPostprocessing = 0;
			shellPath = /bin/sh;
			shellScript = "\"${SRCROOT}/Pods/Target Support Files/Pods-EasyHueTests/Pods-EasyHueTests-frameworks.sh\"\n";
			showEnvVarsInLog = 0;
		};
		7144B3A81BFE07B7943EFCCB /* [CP] Copy Pods Resources */ = {
			isa = PBXShellScriptBuildPhase;
			buildActionMask = 2147483647;
			files = (
			);
			inputPaths = (
			);
			name = "[CP] Copy Pods Resources";
			outputPaths = (
			);
			runOnlyForDeploymentPostprocessing = 0;
			shellPath = /bin/sh;
			shellScript = "\"${SRCROOT}/Pods/Target Support Files/Pods-EasyHue/Pods-EasyHue-resources.sh\"\n";
			showEnvVarsInLog = 0;
		};
		8EB554646A015894B5BFF555 /* [CP] Embed Pods Frameworks */ = {
			isa = PBXShellScriptBuildPhase;
			buildActionMask = 2147483647;
			files = (
			);
			inputPaths = (
			);
			name = "[CP] Embed Pods Frameworks";
			outputPaths = (
			);
			runOnlyForDeploymentPostprocessing = 0;
			shellPath = /bin/sh;
			shellScript = "\"${SRCROOT}/Pods/Target Support Files/Pods-EasyHue/Pods-EasyHue-frameworks.sh\"\n";
			showEnvVarsInLog = 0;
		};
/* End PBXShellScriptBuildPhase section */

/* Begin PBXSourcesBuildPhase section */
		19BC782C1C7C696000783244 /* Sources */ = {
			isa = PBXSourcesBuildPhase;
			buildActionMask = 2147483647;
			files = (
				191C07261C81B68900AE69D3 /* AppViewModel.swift in Sources */,
				190E5ADF1C9EC03C009FBD95 /* ActivityIndicator.swift in Sources */,
				19BC78341C7C696000783244 /* AppDelegate.swift in Sources */,
				1943903D1C9D7F600029DD0C /* BridgeSelectionViewController.swift in Sources */,
				1976B4EE1CA4A1D000D510EC /* SVProgressHUD+EasyHue.swift in Sources */,
				1976B4E71CA2D94400D510EC /* StoryboardIdentifiers.swift in Sources */,
				19051FF11D91D96F008FA8AA /* BridgeTableViewCell.swift in Sources */,
				1976B4F21CA4A93000D510EC /* UIViewController+Extensions.swift in Sources */,
				191C071E1C7E108200AE69D3 /* BridgePushLinkViewController.swift in Sources */,
				1976B4EC1CA495F100D510EC /* ViewModel.swift in Sources */,
				190E5AE41C9ED7BD009FBD95 /* BridgeInfo.swift in Sources */,
				194390411C9D7F790029DD0C /* BridgeSelectionViewModel.swift in Sources */,
				1976B4F01CA4A8D400D510EC /* UIStoryboardSegue+Extensions.swift in Sources */,
				194390531C9E0E260029DD0C /* PHBridgeSearching+Rx.swift in Sources */,
				1976B4EA1CA48A3E00D510EC /* AppViewController.swift in Sources */,
				190E5AEC1C9EF1A8009FBD95 /* PHHueSDKProtocol.swift in Sources */,
				1976B4E31CA2D35000D510EC /* UIStoryboard+Extensions.swift in Sources */,
				190E5AE81C9EF072009FBD95 /* PHBridgeSearchingProtocol.swift in Sources */,
				196674221D8F36D000653094 /* SVProgressHUD+Rx.swift in Sources */,
				190E5AEF1C9EF317009FBD95 /* PHHueSDK+Rx.swift in Sources */,
				191C07211C7F770900AE69D3 /* BridgePushLinkViewModel.swift in Sources */,
			);
			runOnlyForDeploymentPostprocessing = 0;
		};
		19BC78421C7C696000783244 /* Sources */ = {
			isa = PBXSourcesBuildPhase;
			buildActionMask = 2147483647;
			files = (
				19BC784B1C7C696000783244 /* BridgeSelectionViewModelTests.swift in Sources */,
				196674231D8F36D000653094 /* SVProgressHUD+Rx.swift in Sources */,
				19051FF21D91D96F008FA8AA /* BridgeTableViewCell.swift in Sources */,
				190E5AF41C9F32D0009FBD95 /* BridgeInfoTests.swift in Sources */,
				1920B3CF1CA829F400CBF97B /* TestHelpers.swift in Sources */,
			);
			runOnlyForDeploymentPostprocessing = 0;
		};
/* End PBXSourcesBuildPhase section */

/* Begin PBXTargetDependency section */
		19BC78481C7C696000783244 /* PBXTargetDependency */ = {
			isa = PBXTargetDependency;
			target = 19BC782F1C7C696000783244 /* EasyHue */;
			targetProxy = 19BC78471C7C696000783244 /* PBXContainerItemProxy */;
		};
/* End PBXTargetDependency section */

/* Begin PBXVariantGroup section */
		19BC78391C7C696000783244 /* Main.storyboard */ = {
			isa = PBXVariantGroup;
			children = (
				19BC783A1C7C696000783244 /* Base */,
			);
			name = Main.storyboard;
			sourceTree = "<group>";
		};
		19BC783E1C7C696000783244 /* LaunchScreen.storyboard */ = {
			isa = PBXVariantGroup;
			children = (
				19BC783F1C7C696000783244 /* Base */,
			);
			name = LaunchScreen.storyboard;
			sourceTree = "<group>";
		};
/* End PBXVariantGroup section */

/* Begin XCBuildConfiguration section */
		19BC78581C7C696000783244 /* Debug */ = {
			isa = XCBuildConfiguration;
			buildSettings = {
				ALWAYS_SEARCH_USER_PATHS = NO;
				CLANG_CXX_LANGUAGE_STANDARD = "gnu++0x";
				CLANG_CXX_LIBRARY = "libc++";
				CLANG_ENABLE_MODULES = YES;
				CLANG_ENABLE_OBJC_ARC = YES;
				CLANG_WARN_BOOL_CONVERSION = YES;
				CLANG_WARN_CONSTANT_CONVERSION = YES;
				CLANG_WARN_DIRECT_OBJC_ISA_USAGE = YES_ERROR;
				CLANG_WARN_EMPTY_BODY = YES;
				CLANG_WARN_ENUM_CONVERSION = YES;
				CLANG_WARN_INFINITE_RECURSION = YES;
				CLANG_WARN_INT_CONVERSION = YES;
				CLANG_WARN_OBJC_ROOT_CLASS = YES_ERROR;
				CLANG_WARN_SUSPICIOUS_MOVE = YES;
				CLANG_WARN_UNREACHABLE_CODE = YES;
				CLANG_WARN__DUPLICATE_METHOD_MATCH = YES;
				"CODE_SIGN_IDENTITY[sdk=iphoneos*]" = "iPhone Developer";
				COPY_PHASE_STRIP = NO;
				DEBUG_INFORMATION_FORMAT = dwarf;
				ENABLE_STRICT_OBJC_MSGSEND = YES;
				ENABLE_TESTABILITY = YES;
				GCC_C_LANGUAGE_STANDARD = gnu99;
				GCC_DYNAMIC_NO_PIC = NO;
				GCC_NO_COMMON_BLOCKS = YES;
				GCC_OPTIMIZATION_LEVEL = 0;
				GCC_PREPROCESSOR_DEFINITIONS = (
					"DEBUG=1",
					"$(inherited)",
				);
				GCC_WARN_64_TO_32_BIT_CONVERSION = YES;
				GCC_WARN_ABOUT_RETURN_TYPE = YES_ERROR;
				GCC_WARN_UNDECLARED_SELECTOR = YES;
				GCC_WARN_UNINITIALIZED_AUTOS = YES_AGGRESSIVE;
				GCC_WARN_UNUSED_FUNCTION = YES;
				GCC_WARN_UNUSED_VARIABLE = YES;
				IPHONEOS_DEPLOYMENT_TARGET = 9.0;
				MTL_ENABLE_DEBUG_INFO = YES;
				ONLY_ACTIVE_ARCH = YES;
				SDKROOT = iphoneos;
				SWIFT_OPTIMIZATION_LEVEL = "-Onone";
				TARGETED_DEVICE_FAMILY = "1,2";
			};
			name = Debug;
		};
		19BC78591C7C696000783244 /* Release */ = {
			isa = XCBuildConfiguration;
			buildSettings = {
				ALWAYS_SEARCH_USER_PATHS = NO;
				CLANG_CXX_LANGUAGE_STANDARD = "gnu++0x";
				CLANG_CXX_LIBRARY = "libc++";
				CLANG_ENABLE_MODULES = YES;
				CLANG_ENABLE_OBJC_ARC = YES;
				CLANG_WARN_BOOL_CONVERSION = YES;
				CLANG_WARN_CONSTANT_CONVERSION = YES;
				CLANG_WARN_DIRECT_OBJC_ISA_USAGE = YES_ERROR;
				CLANG_WARN_EMPTY_BODY = YES;
				CLANG_WARN_ENUM_CONVERSION = YES;
				CLANG_WARN_INFINITE_RECURSION = YES;
				CLANG_WARN_INT_CONVERSION = YES;
				CLANG_WARN_OBJC_ROOT_CLASS = YES_ERROR;
				CLANG_WARN_SUSPICIOUS_MOVE = YES;
				CLANG_WARN_UNREACHABLE_CODE = YES;
				CLANG_WARN__DUPLICATE_METHOD_MATCH = YES;
				"CODE_SIGN_IDENTITY[sdk=iphoneos*]" = "iPhone Developer";
				COPY_PHASE_STRIP = NO;
				DEBUG_INFORMATION_FORMAT = "dwarf-with-dsym";
				ENABLE_NS_ASSERTIONS = NO;
				ENABLE_STRICT_OBJC_MSGSEND = YES;
				GCC_C_LANGUAGE_STANDARD = gnu99;
				GCC_NO_COMMON_BLOCKS = YES;
				GCC_WARN_64_TO_32_BIT_CONVERSION = YES;
				GCC_WARN_ABOUT_RETURN_TYPE = YES_ERROR;
				GCC_WARN_UNDECLARED_SELECTOR = YES;
				GCC_WARN_UNINITIALIZED_AUTOS = YES_AGGRESSIVE;
				GCC_WARN_UNUSED_FUNCTION = YES;
				GCC_WARN_UNUSED_VARIABLE = YES;
				IPHONEOS_DEPLOYMENT_TARGET = 9.0;
				MTL_ENABLE_DEBUG_INFO = NO;
				SDKROOT = iphoneos;
				SWIFT_OPTIMIZATION_LEVEL = "-Owholemodule";
				TARGETED_DEVICE_FAMILY = "1,2";
				VALIDATE_PRODUCT = YES;
			};
			name = Release;
		};
		19BC785B1C7C696000783244 /* Debug */ = {
			isa = XCBuildConfiguration;
			baseConfigurationReference = BA53F1946EC5499EEE49F00C /* Pods-EasyHue.debug.xcconfig */;
			buildSettings = {
				ASSETCATALOG_COMPILER_APPICON_NAME = AppIcon;
				CLANG_ENABLE_MODULES = YES;
				CODE_SIGN_IDENTITY = "iPhone Developer";
				INFOPLIST_FILE = EasyHue/Info.plist;
				LD_RUNPATH_SEARCH_PATHS = "$(inherited) @executable_path/Frameworks";
				PRODUCT_BUNDLE_IDENTIFIER = "com.jochen-pfeiffer.easyhue";
				PRODUCT_NAME = "$(TARGET_NAME)";
				SWIFT_OBJC_BRIDGING_HEADER = "EasyHue/EasyHue-Bridging-Header.h";
				SWIFT_OPTIMIZATION_LEVEL = "-Onone";
				SWIFT_VERSION = 3.0;
			};
			name = Debug;
		};
		19BC785C1C7C696000783244 /* Release */ = {
			isa = XCBuildConfiguration;
			baseConfigurationReference = 6F3D573D0045088F16AD5A2B /* Pods-EasyHue.release.xcconfig */;
			buildSettings = {
				ASSETCATALOG_COMPILER_APPICON_NAME = AppIcon;
				CLANG_ENABLE_MODULES = YES;
				CODE_SIGN_IDENTITY = "iPhone Developer";
				INFOPLIST_FILE = EasyHue/Info.plist;
				LD_RUNPATH_SEARCH_PATHS = "$(inherited) @executable_path/Frameworks";
				PRODUCT_BUNDLE_IDENTIFIER = "com.jochen-pfeiffer.easyhue";
				PRODUCT_NAME = "$(TARGET_NAME)";
				SWIFT_OBJC_BRIDGING_HEADER = "EasyHue/EasyHue-Bridging-Header.h";
				SWIFT_VERSION = 3.0;
			};
			name = Release;
		};
		19BC785E1C7C696000783244 /* Debug */ = {
			isa = XCBuildConfiguration;
			baseConfigurationReference = 0C382A52744C5DE71ED3A101 /* Pods-EasyHueTests.debug.xcconfig */;
			buildSettings = {
				BUNDLE_LOADER = "$(TEST_HOST)";
				CLANG_ENABLE_MODULES = YES;
				INFOPLIST_FILE = EasyHueTests/Info.plist;
				LD_RUNPATH_SEARCH_PATHS = "$(inherited) @executable_path/Frameworks @loader_path/Frameworks";
				PRODUCT_BUNDLE_IDENTIFIER = "com.jochen-pfeiffer.EasyHueTests";
				PRODUCT_NAME = "$(TARGET_NAME)";
				SWIFT_OBJC_BRIDGING_HEADER = "EasyHue/EasyHueTests-Bridging-Header.h";
				SWIFT_OPTIMIZATION_LEVEL = "-Onone";
				SWIFT_VERSION = 3.0;
				TEST_HOST = "$(BUILT_PRODUCTS_DIR)/EasyHue.app/EasyHue";
			};
			name = Debug;
		};
		19BC785F1C7C696000783244 /* Release */ = {
			isa = XCBuildConfiguration;
			baseConfigurationReference = F2ABEAA71A1FAB0DC6B5DFFE /* Pods-EasyHueTests.release.xcconfig */;
			buildSettings = {
				BUNDLE_LOADER = "$(TEST_HOST)";
				CLANG_ENABLE_MODULES = YES;
				INFOPLIST_FILE = EasyHueTests/Info.plist;
				LD_RUNPATH_SEARCH_PATHS = "$(inherited) @executable_path/Frameworks @loader_path/Frameworks";
				PRODUCT_BUNDLE_IDENTIFIER = "com.jochen-pfeiffer.EasyHueTests";
				PRODUCT_NAME = "$(TARGET_NAME)";
				SWIFT_OBJC_BRIDGING_HEADER = "EasyHue/EasyHueTests-Bridging-Header.h";
				SWIFT_VERSION = 3.0;
				TEST_HOST = "$(BUILT_PRODUCTS_DIR)/EasyHue.app/EasyHue";
			};
			name = Release;
		};
/* End XCBuildConfiguration section */

/* Begin XCConfigurationList section */
		19BC782B1C7C696000783244 /* Build configuration list for PBXProject "EasyHue" */ = {
			isa = XCConfigurationList;
			buildConfigurations = (
				19BC78581C7C696000783244 /* Debug */,
				19BC78591C7C696000783244 /* Release */,
			);
			defaultConfigurationIsVisible = 0;
			defaultConfigurationName = Release;
		};
		19BC785A1C7C696000783244 /* Build configuration list for PBXNativeTarget "EasyHue" */ = {
			isa = XCConfigurationList;
			buildConfigurations = (
				19BC785B1C7C696000783244 /* Debug */,
				19BC785C1C7C696000783244 /* Release */,
			);
			defaultConfigurationIsVisible = 0;
			defaultConfigurationName = Release;
		};
		19BC785D1C7C696000783244 /* Build configuration list for PBXNativeTarget "EasyHueTests" */ = {
			isa = XCConfigurationList;
			buildConfigurations = (
				19BC785E1C7C696000783244 /* Debug */,
				19BC785F1C7C696000783244 /* Release */,
			);
			defaultConfigurationIsVisible = 0;
			defaultConfigurationName = Release;
		};
/* End XCConfigurationList section */
	};
	rootObject = 19BC78281C7C696000783244 /* Project object */;
}
